
Microsoft Visual Studio Solution File, Format Version 12.00
Project("{2150E333-8FDC-42A3-9474-1A3956D46DE8}") = "Platform", "Platform", "{AF788C69-38DD-4781-884B-B3626DDE83DB}"
EndProject
Project("{FAE04EC0-301F-11D3-BF4B-00C04F79EFBC}") = "Api", "Api\Api.csproj", "{ECDBF943-EC39-464D-8724-285DE03CCDE3}"
EndProject
Global
	GlobalSection(SolutionConfigurationPlatforms) = preSolution
		Debug|Any CPU = Debug|Any CPU
		Release|Any CPU = Release|Any CPU
	EndGlobalSection
	GlobalSection(NestedProjects) = preSolution
		{ECDBF943-EC39-464D-8724-285DE03CCDE3} = {AF788C69-38DD-4781-884B-B3626DDE83DB}
	EndGlobalSection
	GlobalSection(ProjectConfigurationPlatforms) = postSolution
		{ECDBF943-EC39-464D-8724-285DE03CCDE3}.Debug|Any CPU.ActiveCfg = Debug|Any CPU
		{ECDBF943-EC39-464D-8724-285DE03CCDE3}.Debug|Any CPU.Build.0 = Debug|Any CPU
		{ECDBF943-EC39-464D-8724-285DE03CCDE3}.Release|Any CPU.ActiveCfg = Release|Any CPU
		{ECDBF943-EC39-464D-8724-285DE03CCDE3}.Release|Any CPU.Build.0 = Release|Any CPU
	EndGlobalSection
EndGlobal
